# THIS IS AN AUTOGENERATED FILE. DO NOT EDIT THIS FILE DIRECTLY.
# yarn lockfile v1


nanoid@^2.1.0:
  version "2.1.8"
  resolved "https://registry.yarnpkg.com/nanoid/-/nanoid-2.1.8.tgz#2dbb0224231b246e3b4c819de7bfea6384dabf08"
  integrity sha512-g1z+n5s26w0TGKh7gjn7HCqurNKMZWzH08elXzh/gM/csQHd/UqDV6uxMghQYg9IvqRPm1QpeMk50YMofHvEjQ==

random-words@^1.1.0:
  version "1.1.0"
  resolved "https://registry.yarnpkg.com/random-words/-/random-words-1.1.0.tgz#d42f9775d14ef5c58fd255968158303e1daa0a22"
  integrity sha512-GyV8PlSmQE08S/RSCjG9Uh0uQaUC7iRpA18PWk9OSnvNCzKQ+B2NxqqN/cYBej4t7dfBWxh10KFBYSiNcg1jlg==

shortid@^2.2.15:
  version "2.2.15"
  resolved "https://registry.yarnpkg.com/shortid/-/shortid-2.2.15.tgz#2b902eaa93a69b11120373cd42a1f1fe4437c122"
  integrity sha512-5EaCy2mx2Jgc/Fdn9uuDuNIIfWBpzY4XIlhoqtXF6qsf+/+SGZ+FxDdX/ZsMZiWupIWNqAEmiNY4RC+LSmCeOw==
  dependencies:
    nanoid "^2.1.0"
